// !$*UTF8*$!
{
	archiveVersion = 1;
	classes = {
	};
	objectVersion = 56;
	objects = {

/* Begin PBXBuildFile section */
		088C4B3129C7A219005C4B45 /* LocationNotificationService.swift in Sources */ = {isa = PBXBuildFile; fileRef = 088C4B3029C7A219005C4B45 /* LocationNotificationService.swift */; };
		08B807AD29C274CC006ECC72 /* GoogleMapView.swift in Sources */ = {isa = PBXBuildFile; fileRef = 08B807AC29C274CC006ECC72 /* GoogleMapView.swift */; };
		08B807B029C2901C006ECC72 /* AppNotificationDelegate.swift in Sources */ = {isa = PBXBuildFile; fileRef = 08B807AF29C2901C006ECC72 /* AppNotificationDelegate.swift */; };
		08B807B229C2FC07006ECC72 /* sample-notification.json in Resources */ = {isa = PBXBuildFile; fileRef = 08B807B129C2FC07006ECC72 /* sample-notification.json */; };
		08C980F029C26DD000D3A2A2 /* MapMessageApp.swift in Sources */ = {isa = PBXBuildFile; fileRef = 08C980EF29C26DD000D3A2A2 /* MapMessageApp.swift */; };
		08C980F229C26DD000D3A2A2 /* ContentView.swift in Sources */ = {isa = PBXBuildFile; fileRef = 08C980F129C26DD000D3A2A2 /* ContentView.swift */; };
		08C980F429C26DD000D3A2A2 /* Assets.xcassets in Resources */ = {isa = PBXBuildFile; fileRef = 08C980F329C26DD000D3A2A2 /* Assets.xcassets */; };
		08C980F729C26DD000D3A2A2 /* Preview Assets.xcassets in Resources */ = {isa = PBXBuildFile; fileRef = 08C980F629C26DD000D3A2A2 /* Preview Assets.xcassets */; };
		22D215CCE8B7109D888BF7BE /* Pods_MapMessage.framework in Frameworks */ = {isa = PBXBuildFile; fileRef = A3F142E8E3A8714053155E85 /* Pods_MapMessage.framework */; };
/* End PBXBuildFile section */

/* Begin PBXFileReference section */
		088C4B3029C7A219005C4B45 /* LocationNotificationService.swift */ = {isa = PBXFileReference; lastKnownFileType = sourcecode.swift; path = LocationNotificationService.swift; sourceTree = "<group>"; };
		08B807AC29C274CC006ECC72 /* GoogleMapView.swift */ = {isa = PBXFileReference; lastKnownFileType = sourcecode.swift; path = GoogleMapView.swift; sourceTree = "<group>"; };
		08B807AE29C277E1006ECC72 /* Info.plist */ = {isa = PBXFileReference; lastKnownFileType = text.plist; path = Info.plist; sourceTree = "<group>"; };
		08B807AF29C2901C006ECC72 /* AppNotificationDelegate.swift */ = {isa = PBXFileReference; lastKnownFileType = sourcecode.swift; path = AppNotificationDelegate.swift; sourceTree = "<group>"; };
		08B807B129C2FC07006ECC72 /* sample-notification.json */ = {isa = PBXFileReference; lastKnownFileType = text.json; path = "sample-notification.json"; sourceTree = "<group>"; };
		08B807B329C659E0006ECC72 /* MapMessage.entitlements */ = {isa = PBXFileReference; lastKnownFileType = text.plist.entitlements; path = MapMessage.entitlements; sourceTree = "<group>"; };
		08C980EC29C26DD000D3A2A2 /* MapMessage.app */ = {isa = PBXFileReference; explicitFileType = wrapper.application; includeInIndex = 0; path = MapMessage.app; sourceTree = BUILT_PRODUCTS_DIR; };
		08C980EF29C26DD000D3A2A2 /* MapMessageApp.swift */ = {isa = PBXFileReference; lastKnownFileType = sourcecode.swift; path = MapMessageApp.swift; sourceTree = "<group>"; };
		08C980F129C26DD000D3A2A2 /* ContentView.swift */ = {isa = PBXFileReference; lastKnownFileType = sourcecode.swift; path = ContentView.swift; sourceTree = "<group>"; };
		08C980F329C26DD000D3A2A2 /* Assets.xcassets */ = {isa = PBXFileReference; lastKnownFileType = folder.assetcatalog; path = Assets.xcassets; sourceTree = "<group>"; };
		08C980F629C26DD000D3A2A2 /* Preview Assets.xcassets */ = {isa = PBXFileReference; lastKnownFileType = folder.assetcatalog; path = "Preview Assets.xcassets"; sourceTree = "<group>"; };
		8162E91D225E8E5D238917F7 /* Pods-MapMessage.release.xcconfig */ = {isa = PBXFileReference; includeInIndex = 1; lastKnownFileType = text.xcconfig; name = "Pods-MapMessage.release.xcconfig"; path = "Target Support Files/Pods-MapMessage/Pods-MapMessage.release.xcconfig"; sourceTree = "<group>"; };
		A3F142E8E3A8714053155E85 /* Pods_MapMessage.framework */ = {isa = PBXFileReference; explicitFileType = wrapper.framework; includeInIndex = 0; path = Pods_MapMessage.framework; sourceTree = BUILT_PRODUCTS_DIR; };
		AE62492E125E5241F4F4D140 /* Pods-MapMessage.debug.xcconfig */ = {isa = PBXFileReference; includeInIndex = 1; lastKnownFileType = text.xcconfig; name = "Pods-MapMessage.debug.xcconfig"; path = "Target Support Files/Pods-MapMessage/Pods-MapMessage.debug.xcconfig"; sourceTree = "<group>"; };
/* End PBXFileReference section */

/* Begin PBXFrameworksBuildPhase section */
		08C980E929C26DD000D3A2A2 /* Frameworks */ = {
			isa = PBXFrameworksBuildPhase;
			buildActionMask = 2147483647;
			files = (
				22D215CCE8B7109D888BF7BE /* Pods_MapMessage.framework in Frameworks */,
			);
			runOnlyForDeploymentPostprocessing = 0;
		};
/* End PBXFrameworksBuildPhase section */

/* Begin PBXGroup section */
		08C980E329C26DD000D3A2A2 = {
			isa = PBXGroup;
			children = (
				08C980EE29C26DD000D3A2A2 /* MapMessage */,
				08C980ED29C26DD000D3A2A2 /* Products */,
				6E2FDEB7715D75BB06D5BC7E /* Pods */,
				117F8A0D879CB76E1AC0D483 /* Frameworks */,
			);
			sourceTree = "<group>";
		};
		08C980ED29C26DD000D3A2A2 /* Products */ = {
			isa = PBXGroup;
			children = (
				08C980EC29C26DD000D3A2A2 /* MapMessage.app */,
			);
			name = Products;
			sourceTree = "<group>";
		};
		08C980EE29C26DD000D3A2A2 /* MapMessage */ = {
			isa = PBXGroup;
			children = (
				08B807B329C659E0006ECC72 /* MapMessage.entitlements */,
				08B807AE29C277E1006ECC72 /* Info.plist */,
				08C980EF29C26DD000D3A2A2 /* MapMessageApp.swift */,
				08C980F129C26DD000D3A2A2 /* ContentView.swift */,
				08C980F329C26DD000D3A2A2 /* Assets.xcassets */,
				08C980F529C26DD000D3A2A2 /* Preview Content */,
				08B807AC29C274CC006ECC72 /* GoogleMapView.swift */,
				088C4B3029C7A219005C4B45 /* LocationNotificationService.swift */,
				08B807AF29C2901C006ECC72 /* AppNotificationDelegate.swift */,
				08B807B129C2FC07006ECC72 /* sample-notification.json */,
			);
			path = MapMessage;
			sourceTree = "<group>";
		};
		08C980F529C26DD000D3A2A2 /* Preview Content */ = {
			isa = PBXGroup;
			children = (
				08C980F629C26DD000D3A2A2 /* Preview Assets.xcassets */,
			);
			path = "Preview Content";
			sourceTree = "<group>";
		};
		117F8A0D879CB76E1AC0D483 /* Frameworks */ = {
			isa = PBXGroup;
			children = (
				A3F142E8E3A8714053155E85 /* Pods_MapMessage.framework */,
			);
			name = Frameworks;
			sourceTree = "<group>";
		};
		6E2FDEB7715D75BB06D5BC7E /* Pods */ = {
			isa = PBXGroup;
			children = (
				AE62492E125E5241F4F4D140 /* Pods-MapMessage.debug.xcconfig */,
				8162E91D225E8E5D238917F7 /* Pods-MapMessage.release.xcconfig */,
			);
			path = Pods;
			sourceTree = "<group>";
		};
/* End PBXGroup section */

/* Begin PBXNativeTarget section */
		08C980EB29C26DD000D3A2A2 /* MapMessage */ = {
			isa = PBXNativeTarget;
			buildConfigurationList = 08C980FA29C26DD000D3A2A2 /* Build configuration list for PBXNativeTarget "MapMessage" */;
			buildPhases = (
				1BEE1B54EE65CBB6A8F47279 /* [CP] Check Pods Manifest.lock */,
				08C980E829C26DD000D3A2A2 /* Sources */,
				08C980E929C26DD000D3A2A2 /* Frameworks */,
				08C980EA29C26DD000D3A2A2 /* Resources */,
				3FFBA7C531E2E6B05202D742 /* [CP] Copy Pods Resources */,
			);
			buildRules = (
			);
			dependencies = (
			);
			name = MapMessage;
			productName = MapMessage;
			productReference = 08C980EC29C26DD000D3A2A2 /* MapMessage.app */;
			productType = "com.apple.product-type.application";
		};
/* End PBXNativeTarget section */

/* Begin PBXProject section */
		08C980E429C26DD000D3A2A2 /* Project object */ = {
			isa = PBXProject;
			attributes = {
				BuildIndependentTargetsInParallel = 1;
				KnownAssetTags = (
					New,
				);
				LastSwiftUpdateCheck = 1420;
				LastUpgradeCheck = 1420;
				TargetAttributes = {
					08C980EB29C26DD000D3A2A2 = {
						CreatedOnToolsVersion = 14.2;
					};
				};
			};
			buildConfigurationList = 08C980E729C26DD000D3A2A2 /* Build configuration list for PBXProject "MapMessage" */;
			compatibilityVersion = "Xcode 14.0";
			developmentRegion = en;
			hasScannedForEncodings = 0;
			knownRegions = (
				en,
				Base,
			);
			mainGroup = 08C980E329C26DD000D3A2A2;
			productRefGroup = 08C980ED29C26DD000D3A2A2 /* Products */;
			projectDirPath = "";
			projectRoot = "";
			targets = (
				08C980EB29C26DD000D3A2A2 /* MapMessage */,
			);
		};
/* End PBXProject section */

/* Begin PBXResourcesBuildPhase section */
		08C980EA29C26DD000D3A2A2 /* Resources */ = {
			isa = PBXResourcesBuildPhase;
			buildActionMask = 2147483647;
			files = (
				08C980F729C26DD000D3A2A2 /* Preview Assets.xcassets in Resources */,
				08B807B229C2FC07006ECC72 /* sample-notification.json in Resources */,
				08C980F429C26DD000D3A2A2 /* Assets.xcassets in Resources */,
			);
			runOnlyForDeploymentPostprocessing = 0;
		};
/* End PBXResourcesBuildPhase section */

/* Begin PBXShellScriptBuildPhase section */
		1BEE1B54EE65CBB6A8F47279 /* [CP] Check Pods Manifest.lock */ = {
			isa = PBXShellScriptBuildPhase;
			buildActionMask = 2147483647;
			files = (
			);
			inputFileListPaths = (
			);
			inputPaths = (
				"${PODS_PODFILE_DIR_PATH}/Podfile.lock",
				"${PODS_ROOT}/Manifest.lock",
			);
			name = "[CP] Check Pods Manifest.lock";
			outputFileListPaths = (
			);
			outputPaths = (
				"$(DERIVED_FILE_DIR)/Pods-MapMessage-checkManifestLockResult.txt",
			);
			runOnlyForDeploymentPostprocessing = 0;
			shellPath = /bin/sh;
			shellScript = "diff \"${PODS_PODFILE_DIR_PATH}/Podfile.lock\" \"${PODS_ROOT}/Manifest.lock\" > /dev/null\nif [ $? != 0 ] ; then\n    # print error to STDERR\n    echo \"error: The sandbox is not in sync with the Podfile.lock. Run 'pod install' or update your CocoaPods installation.\" >&2\n    exit 1\nfi\n# This output is used by Xcode 'outputs' to avoid re-running this script phase.\necho \"SUCCESS\" > \"${SCRIPT_OUTPUT_FILE_0}\"\n";
			showEnvVarsInLog = 0;
		};
		3FFBA7C531E2E6B05202D742 /* [CP] Copy Pods Resources */ = {
			isa = PBXShellScriptBuildPhase;
			buildActionMask = 2147483647;
			files = (
			);
			inputFileListPaths = (
				"${PODS_ROOT}/Target Support Files/Pods-MapMessage/Pods-MapMessage-resources-${CONFIGURATION}-input-files.xcfilelist",
			);
			name = "[CP] Copy Pods Resources";
			outputFileListPaths = (
				"${PODS_ROOT}/Target Support Files/Pods-MapMessage/Pods-MapMessage-resources-${CONFIGURATION}-output-files.xcfilelist",
			);
			runOnlyForDeploymentPostprocessing = 0;
			shellPath = /bin/sh;
			shellScript = "\"${PODS_ROOT}/Target Support Files/Pods-MapMessage/Pods-MapMessage-resources.sh\"\n";
			showEnvVarsInLog = 0;
		};
/* End PBXShellScriptBuildPhase section */

/* Begin PBXSourcesBuildPhase section */
		08C980E829C26DD000D3A2A2 /* Sources */ = {
			isa = PBXSourcesBuildPhase;
			buildActionMask = 2147483647;
			files = (
				08B807AD29C274CC006ECC72 /* GoogleMapView.swift in Sources */,
				08C980F229C26DD000D3A2A2 /* ContentView.swift in Sources */,
				088C4B3129C7A219005C4B45 /* LocationNotificationService.swift in Sources */,
				08C980F029C26DD000D3A2A2 /* MapMessageApp.swift in Sources */,
				08B807B029C2901C006ECC72 /* AppNotificationDelegate.swift in Sources */,
			);
			runOnlyForDeploymentPostprocessing = 0;
		};
/* End PBXSourcesBuildPhase section */

/* Begin XCBuildConfiguration section */
		08C980F829C26DD000D3A2A2 /* Debug */ = {
			isa = XCBuildConfiguration;
			buildSettings = {
				ALWAYS_SEARCH_USER_PATHS = NO;
				CLANG_ANALYZER_NONNULL = YES;
				CLANG_ANALYZER_NUMBER_OBJECT_CONVERSION = YES_AGGRESSIVE;
				CLANG_CXX_LANGUAGE_STANDARD = "gnu++20";
				CLANG_ENABLE_MODULES = YES;
				CLANG_ENABLE_OBJC_ARC = YES;
				CLANG_ENABLE_OBJC_WEAK = YES;
				CLANG_WARN_BLOCK_CAPTURE_AUTORELEASING = YES;
				CLANG_WARN_BOOL_CONVERSION = YES;
				CLANG_WARN_COMMA = YES;
				CLANG_WARN_CONSTANT_CONVERSION = YES;
				CLANG_WARN_DEPRECATED_OBJC_IMPLEMENTATIONS = YES;
				CLANG_WARN_DIRECT_OBJC_ISA_USAGE = YES_ERROR;
				CLANG_WARN_DOCUMENTATION_COMMENTS = YES;
				CLANG_WARN_EMPTY_BODY = YES;
				CLANG_WARN_ENUM_CONVERSION = YES;
				CLANG_WARN_INFINITE_RECURSION = YES;
				CLANG_WARN_INT_CONVERSION = YES;
				CLANG_WARN_NON_LITERAL_NULL_CONVERSION = YES;
				CLANG_WARN_OBJC_IMPLICIT_RETAIN_SELF = YES;
				CLANG_WARN_OBJC_LITERAL_CONVERSION = YES;
				CLANG_WARN_OBJC_ROOT_CLASS = YES_ERROR;
				CLANG_WARN_QUOTED_INCLUDE_IN_FRAMEWORK_HEADER = YES;
				CLANG_WARN_RANGE_LOOP_ANALYSIS = YES;
				CLANG_WARN_STRICT_PROTOTYPES = YES;
				CLANG_WARN_SUSPICIOUS_MOVE = YES;
				CLANG_WARN_UNGUARDED_AVAILABILITY = YES_AGGRESSIVE;
				CLANG_WARN_UNREACHABLE_CODE = YES;
				CLANG_WARN__DUPLICATE_METHOD_MATCH = YES;
				COPY_PHASE_STRIP = NO;
				DEBUG_INFORMATION_FORMAT = dwarf;
				ENABLE_STRICT_OBJC_MSGSEND = YES;
				ENABLE_TESTABILITY = YES;
				GCC_C_LANGUAGE_STANDARD = gnu11;
				GCC_DYNAMIC_NO_PIC = NO;
				GCC_NO_COMMON_BLOCKS = YES;
				GCC_OPTIMIZATION_LEVEL = 0;
				GCC_PREPROCESSOR_DEFINITIONS = (
					"DEBUG=1",
					"$(inherited)",
				);
				GCC_WARN_64_TO_32_BIT_CONVERSION = YES;
				GCC_WARN_ABOUT_RETURN_TYPE = YES_ERROR;
				GCC_WARN_UNDECLARED_SELECTOR = YES;
				GCC_WARN_UNINITIALIZED_AUTOS = YES_AGGRESSIVE;
				GCC_WARN_UNUSED_FUNCTION = YES;
				GCC_WARN_UNUSED_VARIABLE = YES;
				IPHONEOS_DEPLOYMENT_TARGET = 16.2;
				MTL_ENABLE_DEBUG_INFO = INCLUDE_SOURCE;
				MTL_FAST_MATH = YES;
				ONLY_ACTIVE_ARCH = YES;
				SDKROOT = iphoneos;
				SWIFT_ACTIVE_COMPILATION_CONDITIONS = DEBUG;
				SWIFT_OPTIMIZATION_LEVEL = "-Onone";
			};
			name = Debug;
		};
		08C980F929C26DD000D3A2A2 /* Release */ = {
			isa = XCBuildConfiguration;
			buildSettings = {
				ALWAYS_SEARCH_USER_PATHS = NO;
				CLANG_ANALYZER_NONNULL = YES;
				CLANG_ANALYZER_NUMBER_OBJECT_CONVERSION = YES_AGGRESSIVE;
				CLANG_CXX_LANGUAGE_STANDARD = "gnu++20";
				CLANG_ENABLE_MODULES = YES;
				CLANG_ENABLE_OBJC_ARC = YES;
				CLANG_ENABLE_OBJC_WEAK = YES;
				CLANG_WARN_BLOCK_CAPTURE_AUTORELEASING = YES;
				CLANG_WARN_BOOL_CONVERSION = YES;
				CLANG_WARN_COMMA = YES;
				CLANG_WARN_CONSTANT_CONVERSION = YES;
				CLANG_WARN_DEPRECATED_OBJC_IMPLEMENTATIONS = YES;
				CLANG_WARN_DIRECT_OBJC_ISA_USAGE = YES_ERROR;
				CLANG_WARN_DOCUMENTATION_COMMENTS = YES;
				CLANG_WARN_EMPTY_BODY = YES;
				CLANG_WARN_ENUM_CONVERSION = YES;
				CLANG_WARN_INFINITE_RECURSION = YES;
				CLANG_WARN_INT_CONVERSION = YES;
				CLANG_WARN_NON_LITERAL_NULL_CONVERSION = YES;
				CLANG_WARN_OBJC_IMPLICIT_RETAIN_SELF = YES;
				CLANG_WARN_OBJC_LITERAL_CONVERSION = YES;
				CLANG_WARN_OBJC_ROOT_CLASS = YES_ERROR;
				CLANG_WARN_QUOTED_INCLUDE_IN_FRAMEWORK_HEADER = YES;
				CLANG_WARN_RANGE_LOOP_ANALYSIS = YES;
				CLANG_WARN_STRICT_PROTOTYPES = YES;
				CLANG_WARN_SUSPICIOUS_MOVE = YES;
				CLANG_WARN_UNGUARDED_AVAILABILITY = YES_AGGRESSIVE;
				CLANG_WARN_UNREACHABLE_CODE = YES;
				CLANG_WARN__DUPLICATE_METHOD_MATCH = YES;
				COPY_PHASE_STRIP = NO;
				DEBUG_INFORMATION_FORMAT = "dwarf-with-dsym";
				ENABLE_NS_ASSERTIONS = NO;
				ENABLE_STRICT_OBJC_MSGSEND = YES;
				GCC_C_LANGUAGE_STANDARD = gnu11;
				GCC_NO_COMMON_BLOCKS = YES;
				GCC_WARN_64_TO_32_BIT_CONVERSION = YES;
				GCC_WARN_ABOUT_RETURN_TYPE = YES_ERROR;
				GCC_WARN_UNDECLARED_SELECTOR = YES;
				GCC_WARN_UNINITIALIZED_AUTOS = YES_AGGRESSIVE;
				GCC_WARN_UNUSED_FUNCTION = YES;
				GCC_WARN_UNUSED_VARIABLE = YES;
				IPHONEOS_DEPLOYMENT_TARGET = 16.2;
				MTL_ENABLE_DEBUG_INFO = NO;
				MTL_FAST_MATH = YES;
				SDKROOT = iphoneos;
				SWIFT_COMPILATION_MODE = wholemodule;
				SWIFT_OPTIMIZATION_LEVEL = "-O";
				VALIDATE_PRODUCT = YES;
			};
			name = Release;
		};
		08C980FB29C26DD000D3A2A2 /* Debug */ = {
			isa = XCBuildConfiguration;
			baseConfigurationReference = AE62492E125E5241F4F4D140 /* Pods-MapMessage.debug.xcconfig */;
			buildSettings = {
				ASSETCATALOG_COMPILER_APPICON_NAME = AppIcon;
				ASSETCATALOG_COMPILER_GLOBAL_ACCENT_COLOR_NAME = AccentColor;
				CODE_SIGN_ENTITLEMENTS = MapMessage/MapMessage.entitlements;
				CODE_SIGN_STYLE = Automatic;
				CURRENT_PROJECT_VERSION = 1;
				DEVELOPMENT_ASSET_PATHS = "\"MapMessage/Preview Content\"";
				DEVELOPMENT_TEAM = 65CXD63D6D;
				ENABLE_PREVIEWS = YES;
				GENERATE_INFOPLIST_FILE = YES;
				INFOPLIST_FILE = MapMessage/Info.plist;
				INFOPLIST_KEY_NSLocationAlwaysAndWhenInUseUsageDescription = "We need your location to send relevant messages and alerts when you are in specific areas.";
				INFOPLIST_KEY_NSLocationAlwaysUsageDescription = "Your location helps us provide a more personalized experience";
				INFOPLIST_KEY_NSLocationWhenInUseUsageDescription = "We need your location to show you nearby messages and alerts on the map.";
				INFOPLIST_KEY_UIApplicationSceneManifest_Generation = YES;
				INFOPLIST_KEY_UIApplicationSupportsIndirectInputEvents = YES;
				INFOPLIST_KEY_UILaunchScreen_Generation = YES;
				INFOPLIST_KEY_UILaunchStoryboardName = LaunchScreen;
				INFOPLIST_KEY_UIRequiredDeviceCapabilities = armv7;
				INFOPLIST_KEY_UISupportedInterfaceOrientations = "UIInterfaceOrientationPortrait UIInterfaceOrientationLandscapeLeft UIInterfaceOrientationLandscapeRight";
				INFOPLIST_KEY_UISupportedInterfaceOrientations_iPad = "UIInterfaceOrientationPortrait UIInterfaceOrientationPortraitUpsideDown UIInterfaceOrientationLandscapeLeft UIInterfaceOrientationLandscapeRight";
				INFOPLIST_KEY_UISupportedInterfaceOrientations_iPhone = "UIInterfaceOrientationPortrait UIInterfaceOrientationLandscapeLeft UIInterfaceOrientationLandscapeRight";
				LD_RUNPATH_SEARCH_PATHS = (
					"$(inherited)",
					"@executable_path/Frameworks",
				);
				MARKETING_VERSION = 1.0;
				PRODUCT_BUNDLE_IDENTIFIER = no.nygardene.MapMessages;
				PRODUCT_NAME = "$(TARGET_NAME)";
				SUPPORTED_PLATFORMS = "iphoneos iphonesimulator";
				SUPPORTS_MACCATALYST = NO;
				SUPPORTS_MAC_DESIGNED_FOR_IPHONE_IPAD = NO;
				SWIFT_EMIT_LOC_STRINGS = YES;
				SWIFT_VERSION = 5.0;
				TARGETED_DEVICE_FAMILY = "1,2";
			};
			name = Debug;
		};
		08C980FC29C26DD000D3A2A2 /* Release */ = {
			isa = XCBuildConfiguration;
			baseConfigurationReference = 8162E91D225E8E5D238917F7 /* Pods-MapMessage.release.xcconfig */;
			buildSettings = {
				ASSETCATALOG_COMPILER_APPICON_NAME = AppIcon;
				ASSETCATALOG_COMPILER_GLOBAL_ACCENT_COLOR_NAME = AccentColor;
				CODE_SIGN_ENTITLEMENTS = MapMessage/MapMessage.entitlements;
				CODE_SIGN_STYLE = Automatic;
				CURRENT_PROJECT_VERSION = 1;
				DEVELOPMENT_ASSET_PATHS = "\"MapMessage/Preview Content\"";
				DEVELOPMENT_TEAM = 65CXD63D6D;
				ENABLE_PREVIEWS = YES;
				GENERATE_INFOPLIST_FILE = YES;
				INFOPLIST_FILE = MapMessage/Info.plist;
				INFOPLIST_KEY_NSLocationAlwaysAndWhenInUseUsageDescription = "We need your location to send relevant messages and alerts when you are in specific areas.";
				INFOPLIST_KEY_NSLocationAlwaysUsageDescription = "Your location helps us provide a more personalized experience";
				INFOPLIST_KEY_NSLocationWhenInUseUsageDescription = "We need your location to show you nearby messages and alerts on the map.";
				INFOPLIST_KEY_UIApplicationSceneManifest_Generation = YES;
				INFOPLIST_KEY_UIApplicationSupportsIndirectInputEvents = YES;
				INFOPLIST_KEY_UILaunchScreen_Generation = YES;
				INFOPLIST_KEY_UILaunchStoryboardName = LaunchScreen;
				INFOPLIST_KEY_UIRequiredDeviceCapabilities = armv7;
				INFOPLIST_KEY_UISupportedInterfaceOrientations = "UIInterfaceOrientationPortrait UIInterfaceOrientationLandscapeLeft UIInterfaceOrientationLandscapeRight";
				INFOPLIST_KEY_UISupportedInterfaceOrientations_iPad = "UIInterfaceOrientationPortrait UIInterfaceOrientationPortraitUpsideDown UIInterfaceOrientationLandscapeLeft UIInterfaceOrientationLandscapeRight";
				INFOPLIST_KEY_UISupportedInterfaceOrientations_iPhone = "UIInterfaceOrientationPortrait UIInterfaceOrientationLandscapeLeft UIInterfaceOrientationLandscapeRight";
				LD_RUNPATH_SEARCH_PATHS = (
					"$(inherited)",
					"@executable_path/Frameworks",
				);
				MARKETING_VERSION = 1.0;
				PRODUCT_BUNDLE_IDENTIFIER = no.nygardene.MapMessages;
				PRODUCT_NAME = "$(TARGET_NAME)";
				SUPPORTED_PLATFORMS = "iphoneos iphonesimulator";
				SUPPORTS_MACCATALYST = NO;
				SUPPORTS_MAC_DESIGNED_FOR_IPHONE_IPAD = NO;
				SWIFT_EMIT_LOC_STRINGS = YES;
				SWIFT_VERSION = 5.0;
				TARGETED_DEVICE_FAMILY = "1,2";
			};
			name = Release;
		};
/* End XCBuildConfiguration section */

/* Begin XCConfigurationList section */
		08C980E729C26DD000D3A2A2 /* Build configuration list for PBXProject "MapMessage" */ = {
			isa = XCConfigurationList;
			buildConfigurations = (
				08C980F829C26DD000D3A2A2 /* Debug */,
				08C980F929C26DD000D3A2A2 /* Release */,
			);
			defaultConfigurationIsVisible = 0;
			defaultConfigurationName = Release;
		};
		08C980FA29C26DD000D3A2A2 /* Build configuration list for PBXNativeTarget "MapMessage" */ = {
			isa = XCConfigurationList;
			buildConfigurations = (
				08C980FB29C26DD000D3A2A2 /* Debug */,
				08C980FC29C26DD000D3A2A2 /* Release */,
			);
			defaultConfigurationIsVisible = 0;
			defaultConfigurationName = Release;
		};
/* End XCConfigurationList section */
	};
	rootObject = 08C980E429C26DD000D3A2A2 /* Project object */;
}
